
Microsoft Visual Studio Solution File, Format Version 12.00
# Visual Studio Version 16
VisualStudioVersion = 16.0.29806.167
MinimumVisualStudioVersion = 10.0.40219.1
Project("{FAE04EC0-301F-11D3-BF4B-00C04F79EFBC}") = "ConsoleApp4111", "ConsoleApp4111\ConsoleApp4111.csproj", "{438B3B76-DE09-4414-AAF8-8495F237514E}"
EndProject
Project("{FAE04EC0-301F-11D3-BF4B-00C04F79EFBC}") = "UnitTestProject3", "UnitTestProject3\UnitTestProject3.csproj", "{F7A31AAD-473D-4A06-BC98-858BFE9D6722}"
EndProject
Global
	GlobalSection(SolutionConfigurationPlatforms) = preSolution
		Debug|Any CPU = Debug|Any CPU
		Release|Any CPU = Release|Any CPU
	EndGlobalSection
	GlobalSection(ProjectConfigurationPlatforms) = postSolution
		{438B3B76-DE09-4414-AAF8-8495F237514E}.Debug|Any CPU.ActiveCfg = Debug|Any CPU
		{438B3B76-DE09-4414-AAF8-8495F237514E}.Debug|Any CPU.Build.0 = Debug|Any CPU
		{438B3B76-DE09-4414-AAF8-8495F237514E}.Release|Any CPU.ActiveCfg = Release|Any CPU
		{438B3B76-DE09-4414-AAF8-8495F237514E}.Release|Any CPU.Build.0 = Release|Any CPU
		{F7A31AAD-473D-4A06-BC98-858BFE9D6722}.Debug|Any CPU.ActiveCfg = Debug|Any CPU
		{F7A31AAD-473D-4A06-BC98-858BFE9D6722}.Debug|Any CPU.Build.0 = Debug|Any CPU
		{F7A31AAD-473D-4A06-BC98-858BFE9D6722}.Release|Any CPU.ActiveCfg = Release|Any CPU
		{F7A31AAD-473D-4A06-BC98-858BFE9D6722}.Release|Any CPU.Build.0 = Release|Any CPU
	EndGlobalSection
	GlobalSection(SolutionProperties) = preSolution
		HideSolutionNode = FALSE
	EndGlobalSection
	GlobalSection(ExtensibilityGlobals) = postSolution
		SolutionGuid = {BC385FEB-C17D-435A-8179-519A34912A60}
	EndGlobalSection
EndGlobal
